
Microsoft Visual Studio Solution File, Format Version 12.00
# Visual Studio 15
VisualStudioVersion = 15.0.27703.2000
MinimumVisualStudioVersion = 10.0.40219.1
Project("{FAE04EC0-301F-11D3-BF4B-00C04F79EFBC}") = "Elite.Common.Utilities", "Elite.Common.Utilities\Elite.Common.Utilities.csproj", "{F6F1376E-D061-474F-9DCB-B0A46DF4E24F}"
EndProject
Global
	GlobalSection(SolutionConfigurationPlatforms) = preSolution
		Debug|Any CPU = Debug|Any CPU
		Release|Any CPU = Release|Any CPU
	EndGlobalSection
	GlobalSection(ProjectConfigurationPlatforms) = postSolution
		{F6F1376E-D061-474F-9DCB-B0A46DF4E24F}.Debug|Any CPU.ActiveCfg = Debug|Any CPU
		{F6F1376E-D061-474F-9DCB-B0A46DF4E24F}.Debug|Any CPU.Build.0 = Debug|Any CPU
		{F6F1376E-D061-474F-9DCB-B0A46DF4E24F}.Release|Any CPU.ActiveCfg = Release|Any CPU
		{F6F1376E-D061-474F-9DCB-B0A46DF4E24F}.Release|Any CPU.Build.0 = Release|Any CPU
	EndGlobalSection
	GlobalSection(SolutionProperties) = preSolution
		HideSolutionNode = FALSE
	EndGlobalSection
	GlobalSection(ExtensibilityGlobals) = postSolution
		SolutionGuid = {08D7856D-DCB4-402C-AEF1-A399577EFF2F}
	EndGlobalSection
	GlobalSection(TeamFoundationVersionControl) = preSolution
		SccNumberOfProjects = 2
		SccEnterpriseProvider = {4CA58AB2-18FA-4F8D-95D4-32DDF27D184C}
		SccTeamFoundationServer = http://sgscvaiw0308.in623.corpintra.net:8080/tfs/elite
		SccLocalPath0 = .
		SccProjectUniqueName1 = Elite.Common.Utilities\\Elite.Common.Utilities.csproj
		SccProjectName1 = Elite.Common.Utilities
		SccLocalPath1 = Elite.Common.Utilities
	EndGlobalSection
EndGlobal
